<?xml version="1.0" encoding="utf-8"?>
<Project ToolsVersion="4.0" xmlns="http://schemas.microsoft.com/developer/msbuild/2003">
  <ItemGroup>
    <Filter Include="Source Files">
      <UniqueIdentifier>{4FC737F1-C7A5-4376-A066-2A32D752A2FF}</UniqueIdentifier>
      <Extensions>cpp;c;cc;cxx;def;odl;idl;hpj;bat;asm;asmx</Extensions>
    </Filter>
    <Filter Include="Header Files">
      <UniqueIdentifier>{93995380-89BD-4b04-88EB-625FBE52EBFB}</UniqueIdentifier>
      <Extensions>h;hpp;hxx;hm;inl;inc;xsd</Extensions>
    </Filter>
    <Filter Include="Resource Files">
      <UniqueIdentifier>{67DA6AB6-F800-4c08-8B7A-83BB121AAD01}</UniqueIdentifier>
      <Extensions>rc;ico;cur;bmp;dlg;rc2;rct;bin;rgs;gif;jpg;jpeg;jpe;resx;tiff;tif;png;wav;mfcribbon-ms</Extensions>
    </Filter>
  </ItemGroup>
  <ItemGroup>
    <None Include="ReadMe.txt" />
    <None Include="ZxStructCore.def">
      <Filter>Source Files</Filter>
    </None>
    <None Include="res\ZxStructCore.rc2">
      <Filter>Resource Files</Filter>
    </None>
  </ItemGroup>
  <ItemGroup>
    <ClCompile Include="ZxStructCore.cpp">
      <Filter>Source Files</Filter>
    </ClCompile>
    <ClCompile Include="dllmain.cpp">
      <Filter>Source Files</Filter>
    </ClCompile>
    <ClCompile Include="stdafx.cpp">
      <Filter>Source Files</Filter>
    </ClCompile>
    <ClCompile Include="Zx2DPoint.cpp">
      <Filter>Source Files</Filter>
    </ClCompile>
    <ClCompile Include="Zx3DPoint.cpp">
      <Filter>Source Files</Filter>
    </ClCompile>
    <ClCompile Include="ZxPolygon.cpp">
      <Filter>Source Files</Filter>
    </ClCompile>
    <ClCompile Include="ZxFileAbstract.cpp">
      <Filter>Source Files</Filter>
    </ClCompile>
    <ClCompile Include="ZxFileBase.cpp">
      <Filter>Source Files</Filter>
    </ClCompile>
    <ClCompile Include="ZxFileIO.cpp">
      <Filter>Source Files</Filter>
    </ClCompile>
    <ClCompile Include="ZxFolderBase.cpp">
      <Filter>Source Files</Filter>
    </ClCompile>
    <ClCompile Include="ZxFolderParse.cpp">
      <Filter>Source Files</Filter>
    </ClCompile>
    <ClCompile Include="ZxFolderParseFilterBase.cpp">
      <Filter>Source Files</Filter>
    </ClCompile>
    <ClCompile Include="ZxMatrix.cpp">
      <Filter>Source Files</Filter>
    </ClCompile>
    <ClCompile Include="ZxImgBase.cpp">
      <Filter>Source Files</Filter>
    </ClCompile>
    <ClCompile Include="ZxGeoRef.cpp">
      <Filter>Source Files</Filter>
    </ClCompile>
    <ClCompile Include="ZxGeoTrans.cpp">
      <Filter>Source Files</Filter>
    </ClCompile>
    <ClCompile Include="ZxQuadTree.cpp">
      <Filter>Source Files</Filter>
    </ClCompile>
    <ClCompile Include="ZxImgFileBase.cpp">
      <Filter>Source Files</Filter>
    </ClCompile>
    <ClCompile Include="ZxImgFileRead.cpp">
      <Filter>Source Files</Filter>
    </ClCompile>
    <ClCompile Include="ZxImgFileWrite.cpp">
      <Filter>Source Files</Filter>
    </ClCompile>
    <ClCompile Include="ZxSolveModelBase.cpp">
      <Filter>Source Files</Filter>
    </ClCompile>
    <ClCompile Include="ZxSolveModelParamBase.cpp">
      <Filter>Source Files</Filter>
    </ClCompile>
    <ClCompile Include="ZxSolveModelParamIndexElement.cpp">
      <Filter>Source Files</Filter>
    </ClCompile>
    <ClCompile Include="ZxSolveElement.cpp">
      <Filter>Source Files</Filter>
    </ClCompile>
    <ClCompile Include="Zx2DPointChain.cpp">
      <Filter>Source Files</Filter>
    </ClCompile>
    <ClCompile Include="ZxImgFileManager.cpp">
      <Filter>Source Files</Filter>
    </ClCompile>
    <ClCompile Include="ZxProgress.cpp">
      <Filter>Source Files</Filter>
    </ClCompile>
    <ClCompile Include="ZxBoolMatrix.cpp">
      <Filter>Source Files</Filter>
    </ClCompile>
    <ClCompile Include="ZxBipartieNonweight.cpp">
      <Filter>Source Files</Filter>
    </ClCompile>
    <ClCompile Include="ZxGraphNode.cpp">
      <Filter>Source Files</Filter>
    </ClCompile>
    <ClCompile Include="ZxTimeNode.cpp">
      <Filter>Source Files</Filter>
    </ClCompile>
    <ClCompile Include="ZxSolveElementFilter.cpp">
      <Filter>Source Files</Filter>
    </ClCompile>
    <ClCompile Include="ZxRectangle.cpp">
      <Filter>Source Files</Filter>
    </ClCompile>
    <ClCompile Include="ZxGraph.cpp">
      <Filter>Source Files</Filter>
    </ClCompile>
    <ClCompile Include="ZxGraphElement.cpp">
      <Filter>Source Files</Filter>
    </ClCompile>
    <ClCompile Include="ZxSymBoolMatrix.cpp">
      <Filter>Source Files</Filter>
    </ClCompile>
    <ClCompile Include="ZxGraphElementPtr.cpp">
      <Filter>Source Files</Filter>
    </ClCompile>
    <ClCompile Include="ZxLogFile.cpp">
      <Filter>Source Files</Filter>
    </ClCompile>
    <ClCompile Include="ZxColorBase.cpp">
      <Filter>Source Files</Filter>
    </ClCompile>
    <ClCompile Include="ZxTimeLog.cpp">
      <Filter>Source Files</Filter>
    </ClCompile>
    <ClCompile Include="ZxImgMonochrome.cpp">
      <Filter>Source Files</Filter>
    </ClCompile>
    <ClCompile Include="ZxClassifierBase.cpp">
      <Filter>Source Files</Filter>
    </ClCompile>
    <ClCompile Include="ZxData.cpp">
      <Filter>Source Files</Filter>
    </ClCompile>
    <ClCompile Include="ZxClassifierNormalBayes.cpp">
      <Filter>Source Files</Filter>
    </ClCompile>
    <ClCompile Include="ZxClassifierKNearest.cpp">
      <Filter>Source Files</Filter>
    </ClCompile>
    <ClCompile Include="ZxAccessBase.cpp">
      <Filter>Source Files</Filter>
    </ClCompile>
    <ClCompile Include="ZxImg64Bit.cpp">
      <Filter>Source Files</Filter>
    </ClCompile>
    <ClCompile Include="ZxImg32Bit.cpp">
      <Filter>Source Files</Filter>
    </ClCompile>
    <ClCompile Include="ZxImg24Bit.cpp">
      <Filter>Source Files</Filter>
    </ClCompile>
    <ClCompile Include="ZxClassifierSVM.cpp">
      <Filter>Source Files</Filter>
    </ClCompile>
    <ClCompile Include="ZxImgMask.cpp">
      <Filter>Source Files</Filter>
    </ClCompile>
    <ClCompile Include="ZxGraphBranch.cpp">
      <Filter>Source Files</Filter>
    </ClCompile>
    <ClCompile Include="lsd.cpp">
      <Filter>Source Files</Filter>
    </ClCompile>
  </ItemGroup>
  <ItemGroup>
    <ClInclude Include="stdafx.h">
      <Filter>Header Files</Filter>
    </ClInclude>
    <ClInclude Include="targetver.h">
      <Filter>Header Files</Filter>
    </ClInclude>
    <ClInclude Include="Resource.h">
      <Filter>Header Files</Filter>
    </ClInclude>
    <ClInclude Include="Zx2DPoint.h">
      <Filter>Header Files</Filter>
    </ClInclude>
    <ClInclude Include="Zx3DPoint.h">
      <Filter>Header Files</Filter>
    </ClInclude>
    <ClInclude Include="ZxPolygon.h">
      <Filter>Header Files</Filter>
    </ClInclude>
    <ClInclude Include="ZxStructCoreInterface.h">
      <Filter>Header Files</Filter>
    </ClInclude>
    <ClInclude Include="ZxFileAbstract.h">
      <Filter>Header Files</Filter>
    </ClInclude>
    <ClInclude Include="ZxFileBase.h">
      <Filter>Header Files</Filter>
    </ClInclude>
    <ClInclude Include="ZxFolderBase.h">
      <Filter>Header Files</Filter>
    </ClInclude>
    <ClInclude Include="ZxFolderParse.h">
      <Filter>Header Files</Filter>
    </ClInclude>
    <ClInclude Include="ZxFolderParseFilterBase.h">
      <Filter>Header Files</Filter>
    </ClInclude>
    <ClInclude Include="ZxMatrix.h">
      <Filter>Header Files</Filter>
    </ClInclude>
    <ClInclude Include="ZxImgBase.h">
      <Filter>Header Files</Filter>
    </ClInclude>
    <ClInclude Include="ZxGeoRef.h">
      <Filter>Header Files</Filter>
    </ClInclude>
    <ClInclude Include="ZxGeoTrans.h">
      <Filter>Header Files</Filter>
    </ClInclude>
    <ClInclude Include="ZxQuadTree.h">
      <Filter>Header Files</Filter>
    </ClInclude>
    <ClInclude Include="ZxImgFileBase.h">
      <Filter>Header Files</Filter>
    </ClInclude>
    <ClInclude Include="ZxImgFileRead.h">
      <Filter>Header Files</Filter>
    </ClInclude>
    <ClInclude Include="ZxImgFileWrite.h">
      <Filter>Header Files</Filter>
    </ClInclude>
    <ClInclude Include="ZxSolveModelBase.h">
      <Filter>Header Files</Filter>
    </ClInclude>
    <ClInclude Include="ZxSolveModelParamBase.h">
      <Filter>Header Files</Filter>
    </ClInclude>
    <ClInclude Include="ZxSolveModelParamIndexElement.h">
      <Filter>Header Files</Filter>
    </ClInclude>
    <ClInclude Include="ZxSolveElement.h">
      <Filter>Header Files</Filter>
    </ClInclude>
    <ClInclude Include="Zx2DPointChain.h">
      <Filter>Header Files</Filter>
    </ClInclude>
    <ClInclude Include="ZxImgFileManager.h">
      <Filter>Header Files</Filter>
    </ClInclude>
    <ClInclude Include="ZxProgress.h">
      <Filter>Header Files</Filter>
    </ClInclude>
    <ClInclude Include="ZxBoolMatrix.h">
      <Filter>Header Files</Filter>
    </ClInclude>
    <ClInclude Include="ZxBipartieNonweight.h">
      <Filter>Header Files</Filter>
    </ClInclude>
    <ClInclude Include="ZxGraphNode.h">
      <Filter>Header Files</Filter>
    </ClInclude>
    <ClInclude Include="ZxTimeNode.h">
      <Filter>Header Files</Filter>
    </ClInclude>
    <ClInclude Include="ZxSolveElementFilter.h">
      <Filter>Header Files</Filter>
    </ClInclude>
    <ClInclude Include="ZxRectangle.h">
      <Filter>Header Files</Filter>
    </ClInclude>
    <ClInclude Include="ZxGraph.h">
      <Filter>Header Files</Filter>
    </ClInclude>
    <ClInclude Include="ZxGraphElement.h">
      <Filter>Header Files</Filter>
    </ClInclude>
    <ClInclude Include="ZxSymBoolMatrix.h">
      <Filter>Header Files</Filter>
    </ClInclude>
    <ClInclude Include="ZxLogFile.h">
      <Filter>Header Files</Filter>
    </ClInclude>
    <ClInclude Include="ZxColorBase.h">
      <Filter>Header Files</Filter>
    </ClInclude>
    <ClInclude Include="ZxTimeLog.h">
      <Filter>Header Files</Filter>
    </ClInclude>
    <ClInclude Include="ZxImgMonochrome.h">
      <Filter>Header Files</Filter>
    </ClInclude>
    <ClInclude Include="ZxClassifierBase.h">
      <Filter>Header Files</Filter>
    </ClInclude>
    <ClInclude Include="ZxData.h">
      <Filter>Header Files</Filter>
    </ClInclude>
    <ClInclude Include="ZxClassifierNormalBayes.h">
      <Filter>Header Files</Filter>
    </ClInclude>
    <ClInclude Include="ZxClassifierKNearest.h">
      <Filter>Header Files</Filter>
    </ClInclude>
    <ClInclude Include="ZxAccessBase.h">
      <Filter>Header Files</Filter>
    </ClInclude>
    <ClInclude Include="ZxImg64Bit.h">
      <Filter>Header Files</Filter>
    </ClInclude>
    <ClInclude Include="ZxImg32Bit.h">
      <Filter>Header Files</Filter>
    </ClInclude>
    <ClInclude Include="ZxImg24Bit.h">
      <Filter>Header Files</Filter>
    </ClInclude>
    <ClInclude Include="ZxClassifierSVM.h">
      <Filter>Header Files</Filter>
    </ClInclude>
    <ClInclude Include="ZxImgMask.h">
      <Filter>Header Files</Filter>
    </ClInclude>
    <ClInclude Include="ZxGraphBranch.h">
      <Filter>Header Files</Filter>
    </ClInclude>
    <ClInclude Include="lsd.h">
      <Filter>Header Files</Filter>
    </ClInclude>
  </ItemGroup>
  <ItemGroup>
    <ResourceCompile Include="ZxStructCore.rc">
      <Filter>Resource Files</Filter>
    </ResourceCompile>
  </ItemGroup>
</Project>