<?xml version="1.0" encoding="utf-8"?>
<Project ToolsVersion="4.0" xmlns="http://schemas.microsoft.com/developer/msbuild/2003">
  <ItemGroup>
    <Filter Include="Source Files">
      <UniqueIdentifier>{4FC737F1-C7A5-4376-A066-2A32D752A2FF}</UniqueIdentifier>
      <Extensions>cpp;c;cc;cxx;def;odl;idl;hpj;bat;asm;asmx</Extensions>
    </Filter>
    <Filter Include="Header Files">
      <UniqueIdentifier>{93995380-89BD-4b04-88EB-625FBE52EBFB}</UniqueIdentifier>
      <Extensions>h;hpp;hxx;hm;inl;inc;xsd</Extensions>
    </Filter>
    <Filter Include="Resource Files">
      <UniqueIdentifier>{67DA6AB6-F800-4c08-8B7A-83BB121AAD01}</UniqueIdentifier>
      <Extensions>rc;ico;cur;bmp;dlg;rc2;rct;bin;rgs;gif;jpg;jpeg;jpe;resx;tiff;tif;png;wav;mfcribbon-ms</Extensions>
    </Filter>
  </ItemGroup>
  <ItemGroup>
    <None Include="ReadMe.txt" />
    <None Include="ZxDevice.def">
      <Filter>Source Files</Filter>
    </None>
    <None Include="res\ZxDevice.rc2">
      <Filter>Resource Files</Filter>
    </None>
    <None Include="bitmap1.bmp">
      <Filter>Resource Files</Filter>
    </None>
    <None Include="ZebraSysLogo.bmp">
      <Filter>Resource Files</Filter>
    </None>
    <None Include="bitmap2.bmp">
      <Filter>Resource Files</Filter>
    </None>
    <None Include="bmp00001.bmp">
      <Filter>Resource Files</Filter>
    </None>
  </ItemGroup>
  <ItemGroup>
    <ClCompile Include="ZxDevice.cpp">
      <Filter>Source Files</Filter>
    </ClCompile>
    <ClCompile Include="dllmain.cpp">
      <Filter>Source Files</Filter>
    </ClCompile>
    <ClCompile Include="stdafx.cpp">
      <Filter>Source Files</Filter>
    </ClCompile>
    <ClCompile Include="ZxDevice2D.cpp">
      <Filter>Source Files</Filter>
    </ClCompile>
    <ClCompile Include="ZxDisplay2D.cpp">
      <Filter>Source Files</Filter>
    </ClCompile>
    <ClCompile Include="ZxDisplay2D_Bitmap.cpp">
      <Filter>Source Files</Filter>
    </ClCompile>
    <ClCompile Include="ZxDisplay2D_BitmapGroup.cpp">
      <Filter>Source Files</Filter>
    </ClCompile>
    <ClCompile Include="ZxDisplay2D_GraphBase.cpp">
      <Filter>Source Files</Filter>
    </ClCompile>
    <ClCompile Include="ZxDisplay2D_GraphGroup.cpp">
      <Filter>Source Files</Filter>
    </ClCompile>
    <ClCompile Include="ZxDisplay2D_GraphicBrushMaker.cpp">
      <Filter>Source Files</Filter>
    </ClCompile>
    <ClCompile Include="ZxDisplay2D_GraphicLineBase.cpp">
      <Filter>Source Files</Filter>
    </ClCompile>
    <ClCompile Include="ZxDisplay2D_GraphicSolidBase.cpp">
      <Filter>Source Files</Filter>
    </ClCompile>
    <ClCompile Include="ZxDisplay2D_GraphRectangle.cpp">
      <Filter>Source Files</Filter>
    </ClCompile>
    <ClCompile Include="ZxDisplay2D_GraphPointBase.cpp">
      <Filter>Source Files</Filter>
    </ClCompile>
    <ClCompile Include="ZxDisplay2D_GraphicMultiline.cpp">
      <Filter>Source Files</Filter>
    </ClCompile>
    <ClCompile Include="ZxDisplay2D_GraphicPolyline.cpp">
      <Filter>Source Files</Filter>
    </ClCompile>
    <ClCompile Include="ZxDisplay2D_GraphCharacters.cpp">
      <Filter>Source Files</Filter>
    </ClCompile>
    <ClCompile Include="ZxDisplay2D_Layer.cpp">
      <Filter>Source Files</Filter>
    </ClCompile>
    <ClCompile Include="ZxDeviceManager.cpp">
      <Filter>Source Files</Filter>
    </ClCompile>
    <ClCompile Include="ZxDeviceManagerUI.cpp">
      <Filter>Source Files</Filter>
    </ClCompile>
    <ClCompile Include="ZxAboutWindow.cpp">
      <Filter>Source Files</Filter>
    </ClCompile>
  </ItemGroup>
  <ItemGroup>
    <ClInclude Include="stdafx.h">
      <Filter>Header Files</Filter>
    </ClInclude>
    <ClInclude Include="targetver.h">
      <Filter>Header Files</Filter>
    </ClInclude>
    <ClInclude Include="Resource.h">
      <Filter>Header Files</Filter>
    </ClInclude>
    <ClInclude Include="ZxDeviceInterface.h">
      <Filter>Header Files</Filter>
    </ClInclude>
    <ClInclude Include="ZxDevice2D.h">
      <Filter>Header Files</Filter>
    </ClInclude>
    <ClInclude Include="ZxDisplay2D.h">
      <Filter>Header Files</Filter>
    </ClInclude>
    <ClInclude Include="ZxDisplay2D_Bitmap.h">
      <Filter>Header Files</Filter>
    </ClInclude>
    <ClInclude Include="ZxDisplay2D_BitmapGroup.h">
      <Filter>Header Files</Filter>
    </ClInclude>
    <ClInclude Include="ZxDisplay2D_GraphBase.h">
      <Filter>Header Files</Filter>
    </ClInclude>
    <ClInclude Include="ZxDisplay2D_GraphGroup.h">
      <Filter>Header Files</Filter>
    </ClInclude>
    <ClInclude Include="ZxDisplay2D_GraphicBrushMaker.h">
      <Filter>Header Files</Filter>
    </ClInclude>
    <ClInclude Include="ZxDisplay2D_GraphicLineBase.h">
      <Filter>Header Files</Filter>
    </ClInclude>
    <ClInclude Include="ZxDisplay2D_GraphicSolidBase.h">
      <Filter>Header Files</Filter>
    </ClInclude>
    <ClInclude Include="ZxDisplay2D_GraphRectangle.h">
      <Filter>Header Files</Filter>
    </ClInclude>
    <ClInclude Include="ZxDisplay2D_GraphPointBase.h">
      <Filter>Header Files</Filter>
    </ClInclude>
    <ClInclude Include="ZxDisplay2D_GraphicMultiline.h">
      <Filter>Header Files</Filter>
    </ClInclude>
    <ClInclude Include="ZxDisplay2D_GraphicPolyline.h">
      <Filter>Header Files</Filter>
    </ClInclude>
    <ClInclude Include="ZxDisplay2D_GraphCharacters.h">
      <Filter>Header Files</Filter>
    </ClInclude>
    <ClInclude Include="ZxDisplay2D_Layer.h">
      <Filter>Header Files</Filter>
    </ClInclude>
    <ClInclude Include="ZxDeviceManager.h">
      <Filter>Header Files</Filter>
    </ClInclude>
    <ClInclude Include="ZxDeviceManagerUI.h">
      <Filter>Header Files</Filter>
    </ClInclude>
    <ClInclude Include="ZxAboutWindow.h">
      <Filter>Header Files</Filter>
    </ClInclude>
  </ItemGroup>
  <ItemGroup>
    <ResourceCompile Include="ZxDevice.rc">
      <Filter>Resource Files</Filter>
    </ResourceCompile>
  </ItemGroup>
</Project>